
Microsoft Visual Studio Solution File, Format Version 12.00
# Visual Studio Version 17
VisualStudioVersion = 17.7.34221.43
MinimumVisualStudioVersion = 10.0.40219.1
Project("{9A19103F-16F7-4668-BE54-9A1E7A4F7556}") = "MRMS", "MRMS\MRMS.csproj", "{0BC11A34-BB77-48CE-BF2A-462A2295C13F}"
EndProject
Project("{FAE04EC0-301F-11D3-BF4B-00C04F79EFBC}") = "MRMSTests", "MRMSTests\MRMSTests.csproj", "{C8FFF582-6253-4429-99A1-BCED7F032840}"
EndProject
Global
	GlobalSection(SolutionConfigurationPlatforms) = preSolution
		Debug|Any CPU = Debug|Any CPU
		Release|Any CPU = Release|Any CPU
	EndGlobalSection
	GlobalSection(ProjectConfigurationPlatforms) = postSolution
		{0BC11A34-BB77-48CE-BF2A-462A2295C13F}.Debug|Any CPU.ActiveCfg = Debug|Any CPU
		{0BC11A34-BB77-48CE-BF2A-462A2295C13F}.Debug|Any CPU.Build.0 = Debug|Any CPU
		{0BC11A34-BB77-48CE-BF2A-462A2295C13F}.Release|Any CPU.ActiveCfg = Release|Any CPU
		{0BC11A34-BB77-48CE-BF2A-462A2295C13F}.Release|Any CPU.Build.0 = Release|Any CPU
		{C8FFF582-6253-4429-99A1-BCED7F032840}.Debug|Any CPU.ActiveCfg = Debug|Any CPU
		{C8FFF582-6253-4429-99A1-BCED7F032840}.Debug|Any CPU.Build.0 = Debug|Any CPU
		{C8FFF582-6253-4429-99A1-BCED7F032840}.Release|Any CPU.ActiveCfg = Release|Any CPU
		{C8FFF582-6253-4429-99A1-BCED7F032840}.Release|Any CPU.Build.0 = Release|Any CPU
	EndGlobalSection
	GlobalSection(SolutionProperties) = preSolution
		HideSolutionNode = FALSE
	EndGlobalSection
	GlobalSection(ExtensibilityGlobals) = postSolution
		SolutionGuid = {9AEBA31A-0727-4F4E-9930-589EC6A0AD7F}
	EndGlobalSection
EndGlobal
